// !$*UTF8*$!
{
	archiveVersion = 1;
	classes = {
	};
	objectVersion = 56;
	objects = {

/* Begin PBXBuildFile section */
		825FCFD02B253EB900574E2A /* HeavenGPTApp.swift in Sources */ = {isa = PBXBuildFile; fileRef = 825FCFCF2B253EB900574E2A /* HeavenGPTApp.swift */; };
		825FCFD22B253EB900574E2A /* ContentView.swift in Sources */ = {isa = PBXBuildFile; fileRef = 825FCFD12B253EB900574E2A /* ContentView.swift */; };
		825FCFD42B253EBB00574E2A /* Assets.xcassets in Resources */ = {isa = PBXBuildFile; fileRef = 825FCFD32B253EBB00574E2A /* Assets.xcassets */; };
		825FCFD72B253EBB00574E2A /* Preview Assets.xcassets in Resources */ = {isa = PBXBuildFile; fileRef = 825FCFD62B253EBB00574E2A /* Preview Assets.xcassets */; };
		826B604E2B267526009E2266 /* Logger.swift in Sources */ = {isa = PBXBuildFile; fileRef = 826B604D2B267526009E2266 /* Logger.swift */; };
		82E4EE762B258C4600EE5CB6 /* logo.png in Resources */ = {isa = PBXBuildFile; fileRef = 82E4EE752B258C4600EE5CB6 /* logo.png */; };
		82E4EE792B26174300EE5CB6 /* Highlightr in Frameworks */ = {isa = PBXBuildFile; productRef = 82E4EE782B26174300EE5CB6 /* Highlightr */; };
/* End PBXBuildFile section */

/* Begin PBXFileReference section */
		825FCFCC2B253EB900574E2A /* HeavenGPT.app */ = {isa = PBXFileReference; explicitFileType = wrapper.application; includeInIndex = 0; path = HeavenGPT.app; sourceTree = BUILT_PRODUCTS_DIR; };
		825FCFCF2B253EB900574E2A /* HeavenGPTApp.swift */ = {isa = PBXFileReference; lastKnownFileType = sourcecode.swift; path = HeavenGPTApp.swift; sourceTree = "<group>"; };
		825FCFD12B253EB900574E2A /* ContentView.swift */ = {isa = PBXFileReference; lastKnownFileType = sourcecode.swift; path = ContentView.swift; sourceTree = "<group>"; };
		825FCFD32B253EBB00574E2A /* Assets.xcassets */ = {isa = PBXFileReference; lastKnownFileType = folder.assetcatalog; path = Assets.xcassets; sourceTree = "<group>"; };
		825FCFD62B253EBB00574E2A /* Preview Assets.xcassets */ = {isa = PBXFileReference; lastKnownFileType = folder.assetcatalog; path = "Preview Assets.xcassets"; sourceTree = "<group>"; };
		825FCFD82B253EBB00574E2A /* HeavenGPT.entitlements */ = {isa = PBXFileReference; lastKnownFileType = text.plist.entitlements; path = HeavenGPT.entitlements; sourceTree = "<group>"; };
		826B604D2B267526009E2266 /* Logger.swift */ = {isa = PBXFileReference; fileEncoding = 4; lastKnownFileType = sourcecode.swift; path = Logger.swift; sourceTree = "<group>"; };
		82E4EE752B258C4600EE5CB6 /* logo.png */ = {isa = PBXFileReference; lastKnownFileType = image.png; path = logo.png; sourceTree = "<group>"; };
/* End PBXFileReference section */

/* Begin PBXFrameworksBuildPhase section */
		825FCFC92B253EB900574E2A /* Frameworks */ = {
			isa = PBXFrameworksBuildPhase;
			buildActionMask = 2147483647;
			files = (
				82E4EE792B26174300EE5CB6 /* Highlightr in Frameworks */,
			);
			runOnlyForDeploymentPostprocessing = 0;
		};
/* End PBXFrameworksBuildPhase section */

/* Begin PBXGroup section */
		825FCFC32B253EB900574E2A = {
			isa = PBXGroup;
			children = (
				825FCFCE2B253EB900574E2A /* HeavenGPT */,
				825FCFCD2B253EB900574E2A /* Products */,
			);
			sourceTree = "<group>";
		};
		825FCFCD2B253EB900574E2A /* Products */ = {
			isa = PBXGroup;
			children = (
				825FCFCC2B253EB900574E2A /* HeavenGPT.app */,
			);
			name = Products;
			sourceTree = "<group>";
		};
		825FCFCE2B253EB900574E2A /* HeavenGPT */ = {
			isa = PBXGroup;
			children = (
				825FCFCF2B253EB900574E2A /* HeavenGPTApp.swift */,
				825FCFD12B253EB900574E2A /* ContentView.swift */,
				826B604D2B267526009E2266 /* Logger.swift */,
				82E4EE752B258C4600EE5CB6 /* logo.png */,
				825FCFD32B253EBB00574E2A /* Assets.xcassets */,
				825FCFD82B253EBB00574E2A /* HeavenGPT.entitlements */,
				825FCFD52B253EBB00574E2A /* Preview Content */,
			);
			path = HeavenGPT;
			sourceTree = "<group>";
		};
		825FCFD52B253EBB00574E2A /* Preview Content */ = {
			isa = PBXGroup;
			children = (
				825FCFD62B253EBB00574E2A /* Preview Assets.xcassets */,
			);
			path = "Preview Content";
			sourceTree = "<group>";
		};
/* End PBXGroup section */

/* Begin PBXNativeTarget section */
		825FCFCB2B253EB900574E2A /* HeavenGPT */ = {
			isa = PBXNativeTarget;
			buildConfigurationList = 825FCFDB2B253EBB00574E2A /* Build configuration list for PBXNativeTarget "HeavenGPT" */;
			buildPhases = (
				825FCFC82B253EB900574E2A /* Sources */,
				825FCFC92B253EB900574E2A /* Frameworks */,
				825FCFCA2B253EB900574E2A /* Resources */,
			);
			buildRules = (
			);
			dependencies = (
			);
			name = HeavenGPT;
			packageProductDependencies = (
				82E4EE782B26174300EE5CB6 /* Highlightr */,
			);
			productName = HeavenGPT;
			productReference = 825FCFCC2B253EB900574E2A /* HeavenGPT.app */;
			productType = "com.apple.product-type.application";
		};
/* End PBXNativeTarget section */

/* Begin PBXProject section */
		825FCFC42B253EB900574E2A /* Project object */ = {
			isa = PBXProject;
			attributes = {
				BuildIndependentTargetsInParallel = 1;
				LastSwiftUpdateCheck = 1500;
				LastUpgradeCheck = 1500;
				TargetAttributes = {
					825FCFCB2B253EB900574E2A = {
						CreatedOnToolsVersion = 15.0.1;
					};
				};
			};
			buildConfigurationList = 825FCFC72B253EB900574E2A /* Build configuration list for PBXProject "HeavenGPT" */;
			compatibilityVersion = "Xcode 14.0";
			developmentRegion = en;
			hasScannedForEncodings = 0;
			knownRegions = (
				en,
				Base,
			);
			mainGroup = 825FCFC32B253EB900574E2A;
			packageReferences = (
				825FCFDE2B253FB100574E2A /* XCRemoteSwiftPackageReference "OpenAISwift" */,
				82E4EE772B26174200EE5CB6 /* XCRemoteSwiftPackageReference "Highlightr" */,
			);
			productRefGroup = 825FCFCD2B253EB900574E2A /* Products */;
			projectDirPath = "";
			projectRoot = "";
			targets = (
				825FCFCB2B253EB900574E2A /* HeavenGPT */,
			);
		};
/* End PBXProject section */

/* Begin PBXResourcesBuildPhase section */
		825FCFCA2B253EB900574E2A /* Resources */ = {
			isa = PBXResourcesBuildPhase;
			buildActionMask = 2147483647;
			files = (
				82E4EE762B258C4600EE5CB6 /* logo.png in Resources */,
				825FCFD72B253EBB00574E2A /* Preview Assets.xcassets in Resources */,
				825FCFD42B253EBB00574E2A /* Assets.xcassets in Resources */,
			);
			runOnlyForDeploymentPostprocessing = 0;
		};
/* End PBXResourcesBuildPhase section */

/* Begin PBXSourcesBuildPhase section */
		825FCFC82B253EB900574E2A /* Sources */ = {
			isa = PBXSourcesBuildPhase;
			buildActionMask = 2147483647;
			files = (
				825FCFD22B253EB900574E2A /* ContentView.swift in Sources */,
				826B604E2B267526009E2266 /* Logger.swift in Sources */,
				825FCFD02B253EB900574E2A /* HeavenGPTApp.swift in Sources */,
			);
			runOnlyForDeploymentPostprocessing = 0;
		};
/* End PBXSourcesBuildPhase section */

/* Begin XCBuildConfiguration section */
		825FCFD92B253EBB00574E2A /* Debug */ = {
			isa = XCBuildConfiguration;
			buildSettings = {
				ALWAYS_SEARCH_USER_PATHS = NO;
				ASSETCATALOG_COMPILER_GENERATE_SWIFT_ASSET_SYMBOL_EXTENSIONS = YES;
				CLANG_ANALYZER_NONNULL = YES;
				CLANG_ANALYZER_NUMBER_OBJECT_CONVERSION = YES_AGGRESSIVE;
				CLANG_CXX_LANGUAGE_STANDARD = "gnu++20";
				CLANG_ENABLE_MODULES = YES;
				CLANG_ENABLE_OBJC_ARC = YES;
				CLANG_ENABLE_OBJC_WEAK = YES;
				CLANG_WARN_BLOCK_CAPTURE_AUTORELEASING = YES;
				CLANG_WARN_BOOL_CONVERSION = YES;
				CLANG_WARN_COMMA = YES;
				CLANG_WARN_CONSTANT_CONVERSION = YES;
				CLANG_WARN_DEPRECATED_OBJC_IMPLEMENTATIONS = YES;
				CLANG_WARN_DIRECT_OBJC_ISA_USAGE = YES_ERROR;
				CLANG_WARN_DOCUMENTATION_COMMENTS = YES;
				CLANG_WARN_EMPTY_BODY = YES;
				CLANG_WARN_ENUM_CONVERSION = YES;
				CLANG_WARN_INFINITE_RECURSION = YES;
				CLANG_WARN_INT_CONVERSION = YES;
				CLANG_WARN_NON_LITERAL_NULL_CONVERSION = YES;
				CLANG_WARN_OBJC_IMPLICIT_RETAIN_SELF = YES;
				CLANG_WARN_OBJC_LITERAL_CONVERSION = YES;
				CLANG_WARN_OBJC_ROOT_CLASS = YES_ERROR;
				CLANG_WARN_QUOTED_INCLUDE_IN_FRAMEWORK_HEADER = YES;
				CLANG_WARN_RANGE_LOOP_ANALYSIS = YES;
				CLANG_WARN_STRICT_PROTOTYPES = YES;
				CLANG_WARN_SUSPICIOUS_MOVE = YES;
				CLANG_WARN_UNGUARDED_AVAILABILITY = YES_AGGRESSIVE;
				CLANG_WARN_UNREACHABLE_CODE = YES;
				CLANG_WARN__DUPLICATE_METHOD_MATCH = YES;
				COPY_PHASE_STRIP = NO;
				DEBUG_INFORMATION_FORMAT = dwarf;
				ENABLE_STRICT_OBJC_MSGSEND = YES;
				ENABLE_TESTABILITY = YES;
				ENABLE_USER_SCRIPT_SANDBOXING = YES;
				GCC_C_LANGUAGE_STANDARD = gnu17;
				GCC_DYNAMIC_NO_PIC = NO;
				GCC_NO_COMMON_BLOCKS = YES;
				GCC_OPTIMIZATION_LEVEL = 0;
				GCC_PREPROCESSOR_DEFINITIONS = (
					"DEBUG=1",
					"$(inherited)",
				);
				GCC_WARN_64_TO_32_BIT_CONVERSION = YES;
				GCC_WARN_ABOUT_RETURN_TYPE = YES_ERROR;
				GCC_WARN_UNDECLARED_SELECTOR = YES;
				GCC_WARN_UNINITIALIZED_AUTOS = YES_AGGRESSIVE;
				GCC_WARN_UNUSED_FUNCTION = YES;
				GCC_WARN_UNUSED_VARIABLE = YES;
				LOCALIZATION_PREFERS_STRING_CATALOGS = YES;
				MACOSX_DEPLOYMENT_TARGET = 14.0;
				MTL_ENABLE_DEBUG_INFO = INCLUDE_SOURCE;
				MTL_FAST_MATH = YES;
				ONLY_ACTIVE_ARCH = YES;
				SDKROOT = macosx;
				SWIFT_ACTIVE_COMPILATION_CONDITIONS = "DEBUG $(inherited)";
				SWIFT_OPTIMIZATION_LEVEL = "-Onone";
			};
			name = Debug;
		};
		825FCFDA2B253EBB00574E2A /* Release */ = {
			isa = XCBuildConfiguration;
			buildSettings = {
				ALWAYS_SEARCH_USER_PATHS = NO;
				ASSETCATALOG_COMPILER_GENERATE_SWIFT_ASSET_SYMBOL_EXTENSIONS = YES;
				CLANG_ANALYZER_NONNULL = YES;
				CLANG_ANALYZER_NUMBER_OBJECT_CONVERSION = YES_AGGRESSIVE;
				CLANG_CXX_LANGUAGE_STANDARD = "gnu++20";
				CLANG_ENABLE_MODULES = YES;
				CLANG_ENABLE_OBJC_ARC = YES;
				CLANG_ENABLE_OBJC_WEAK = YES;
				CLANG_WARN_BLOCK_CAPTURE_AUTORELEASING = YES;
				CLANG_WARN_BOOL_CONVERSION = YES;
				CLANG_WARN_COMMA = YES;
				CLANG_WARN_CONSTANT_CONVERSION = YES;
				CLANG_WARN_DEPRECATED_OBJC_IMPLEMENTATIONS = YES;
				CLANG_WARN_DIRECT_OBJC_ISA_USAGE = YES_ERROR;
				CLANG_WARN_DOCUMENTATION_COMMENTS = YES;
				CLANG_WARN_EMPTY_BODY = YES;
				CLANG_WARN_ENUM_CONVERSION = YES;
				CLANG_WARN_INFINITE_RECURSION = YES;
				CLANG_WARN_INT_CONVERSION = YES;
				CLANG_WARN_NON_LITERAL_NULL_CONVERSION = YES;
				CLANG_WARN_OBJC_IMPLICIT_RETAIN_SELF = YES;
				CLANG_WARN_OBJC_LITERAL_CONVERSION = YES;
				CLANG_WARN_OBJC_ROOT_CLASS = YES_ERROR;
				CLANG_WARN_QUOTED_INCLUDE_IN_FRAMEWORK_HEADER = YES;
				CLANG_WARN_RANGE_LOOP_ANALYSIS = YES;
				CLANG_WARN_STRICT_PROTOTYPES = YES;
				CLANG_WARN_SUSPICIOUS_MOVE = YES;
				CLANG_WARN_UNGUARDED_AVAILABILITY = YES_AGGRESSIVE;
				CLANG_WARN_UNREACHABLE_CODE = YES;
				CLANG_WARN__DUPLICATE_METHOD_MATCH = YES;
				COPY_PHASE_STRIP = NO;
				DEBUG_INFORMATION_FORMAT = "dwarf-with-dsym";
				ENABLE_NS_ASSERTIONS = NO;
				ENABLE_STRICT_OBJC_MSGSEND = YES;
				ENABLE_USER_SCRIPT_SANDBOXING = YES;
				GCC_C_LANGUAGE_STANDARD = gnu17;
				GCC_NO_COMMON_BLOCKS = YES;
				GCC_WARN_64_TO_32_BIT_CONVERSION = YES;
				GCC_WARN_ABOUT_RETURN_TYPE = YES_ERROR;
				GCC_WARN_UNDECLARED_SELECTOR = YES;
				GCC_WARN_UNINITIALIZED_AUTOS = YES_AGGRESSIVE;
				GCC_WARN_UNUSED_FUNCTION = YES;
				GCC_WARN_UNUSED_VARIABLE = YES;
				LOCALIZATION_PREFERS_STRING_CATALOGS = YES;
				MACOSX_DEPLOYMENT_TARGET = 14.0;
				MTL_ENABLE_DEBUG_INFO = NO;
				MTL_FAST_MATH = YES;
				SDKROOT = macosx;
				SWIFT_COMPILATION_MODE = wholemodule;
			};
			name = Release;
		};
		825FCFDC2B253EBB00574E2A /* Debug */ = {
			isa = XCBuildConfiguration;
			buildSettings = {
				ASSETCATALOG_COMPILER_APPICON_NAME = AppIcon;
				ASSETCATALOG_COMPILER_GLOBAL_ACCENT_COLOR_NAME = AccentColor;
				CODE_SIGN_ENTITLEMENTS = HeavenGPT/HeavenGPT.entitlements;
				CODE_SIGN_STYLE = Automatic;
				COMBINE_HIDPI_IMAGES = YES;
				CURRENT_PROJECT_VERSION = 1;
				DEVELOPMENT_ASSET_PATHS = "\"HeavenGPT/Preview Content\"";
				ENABLE_PREVIEWS = YES;
				GENERATE_INFOPLIST_FILE = YES;
				INFOPLIST_KEY_LSApplicationCategoryType = "public.app-category.developer-tools";
				INFOPLIST_KEY_NSHumanReadableCopyright = "";
				LD_RUNPATH_SEARCH_PATHS = (
					"$(inherited)",
					"@executable_path/../Frameworks",
				);
				MARKETING_VERSION = 1.0;
				PRODUCT_BUNDLE_IDENTIFIER = com.hm.swiftuidemo.HeavenGPT;
				PRODUCT_NAME = "$(TARGET_NAME)";
				SWIFT_EMIT_LOC_STRINGS = YES;
				SWIFT_VERSION = 5.0;
			};
			name = Debug;
		};
		825FCFDD2B253EBB00574E2A /* Release */ = {
			isa = XCBuildConfiguration;
			buildSettings = {
				ASSETCATALOG_COMPILER_APPICON_NAME = AppIcon;
				ASSETCATALOG_COMPILER_GLOBAL_ACCENT_COLOR_NAME = AccentColor;
				CODE_SIGN_ENTITLEMENTS = HeavenGPT/HeavenGPT.entitlements;
				CODE_SIGN_STYLE = Automatic;
				COMBINE_HIDPI_IMAGES = YES;
				CURRENT_PROJECT_VERSION = 1;
				DEVELOPMENT_ASSET_PATHS = "\"HeavenGPT/Preview Content\"";
				ENABLE_PREVIEWS = YES;
				GENERATE_INFOPLIST_FILE = YES;
				INFOPLIST_KEY_LSApplicationCategoryType = "public.app-category.developer-tools";
				INFOPLIST_KEY_NSHumanReadableCopyright = "";
				LD_RUNPATH_SEARCH_PATHS = (
					"$(inherited)",
					"@executable_path/../Frameworks",
				);
				MARKETING_VERSION = 1.0;
				PRODUCT_BUNDLE_IDENTIFIER = com.hm.swiftuidemo.HeavenGPT;
				PRODUCT_NAME = "$(TARGET_NAME)";
				SWIFT_EMIT_LOC_STRINGS = YES;
				SWIFT_VERSION = 5.0;
			};
			name = Release;
		};
/* End XCBuildConfiguration section */

/* Begin XCConfigurationList section */
		825FCFC72B253EB900574E2A /* Build configuration list for PBXProject "HeavenGPT" */ = {
			isa = XCConfigurationList;
			buildConfigurations = (
				825FCFD92B253EBB00574E2A /* Debug */,
				825FCFDA2B253EBB00574E2A /* Release */,
			);
			defaultConfigurationIsVisible = 0;
			defaultConfigurationName = Release;
		};
		825FCFDB2B253EBB00574E2A /* Build configuration list for PBXNativeTarget "HeavenGPT" */ = {
			isa = XCConfigurationList;
			buildConfigurations = (
				825FCFDC2B253EBB00574E2A /* Debug */,
				825FCFDD2B253EBB00574E2A /* Release */,
			);
			defaultConfigurationIsVisible = 0;
			defaultConfigurationName = Release;
		};
/* End XCConfigurationList section */

/* Begin XCRemoteSwiftPackageReference section */
		825FCFDE2B253FB100574E2A /* XCRemoteSwiftPackageReference "OpenAISwift" */ = {
			isa = XCRemoteSwiftPackageReference;
			repositoryURL = "https://github.com/Swift-Almanac/OpenAISwift";
			requirement = {
				kind = upToNextMajorVersion;
				minimumVersion = 1.4.1;
			};
		};
		82E4EE772B26174200EE5CB6 /* XCRemoteSwiftPackageReference "Highlightr" */ = {
			isa = XCRemoteSwiftPackageReference;
			repositoryURL = "https://github.com/raspu/Highlightr.git";
			requirement = {
				kind = upToNextMajorVersion;
				minimumVersion = 2.1.2;
			};
		};
/* End XCRemoteSwiftPackageReference section */

/* Begin XCSwiftPackageProductDependency section */
		82E4EE782B26174300EE5CB6 /* Highlightr */ = {
			isa = XCSwiftPackageProductDependency;
			package = 82E4EE772B26174200EE5CB6 /* XCRemoteSwiftPackageReference "Highlightr" */;
			productName = Highlightr;
		};
/* End XCSwiftPackageProductDependency section */
	};
	rootObject = 825FCFC42B253EB900574E2A /* Project object */;
}
